
Microsoft Visual Studio Solution File, Format Version 12.00
# Visual Studio Version 16
VisualStudioVersion = 16.0.29215.179
MinimumVisualStudioVersion = 10.0.40219.1
Project("{8BC9CEB8-8B4A-11D0-8D11-00A0C91BC942}") = "PluginArchitectureDLL1", "PluginArchitectureDLL1\PluginArchitectureDLL1.vcxproj", "{7C9FCB5A-B562-4462-8FAB-E73B473DA2CE}"
EndProject
Global
	GlobalSection(SolutionConfigurationPlatforms) = preSolution
		Debug|x64 = Debug|x64
		Debug|x86 = Debug|x86
		Release|x64 = Release|x64
		Release|x86 = Release|x86
	EndGlobalSection
	GlobalSection(ProjectConfigurationPlatforms) = postSolution
		{7C9FCB5A-B562-4462-8FAB-E73B473DA2CE}.Debug|x64.ActiveCfg = Debug|x64
		{7C9FCB5A-B562-4462-8FAB-E73B473DA2CE}.Debug|x64.Build.0 = Debug|x64
		{7C9FCB5A-B562-4462-8FAB-E73B473DA2CE}.Debug|x86.ActiveCfg = Debug|Win32
		{7C9FCB5A-B562-4462-8FAB-E73B473DA2CE}.Debug|x86.Build.0 = Debug|Win32
		{7C9FCB5A-B562-4462-8FAB-E73B473DA2CE}.Release|x64.ActiveCfg = Release|x64
		{7C9FCB5A-B562-4462-8FAB-E73B473DA2CE}.Release|x64.Build.0 = Release|x64
		{7C9FCB5A-B562-4462-8FAB-E73B473DA2CE}.Release|x86.ActiveCfg = Release|Win32
		{7C9FCB5A-B562-4462-8FAB-E73B473DA2CE}.Release|x86.Build.0 = Release|Win32
	EndGlobalSection
	GlobalSection(SolutionProperties) = preSolution
		HideSolutionNode = FALSE
	EndGlobalSection
	GlobalSection(ExtensibilityGlobals) = postSolution
		SolutionGuid = {839A7831-2FAF-4CC5-8810-84C4EBE6176A}
	EndGlobalSection
EndGlobal
